
Microsoft Visual Studio Solution File, Format Version 12.00
# Visual Studio Version 16
VisualStudioVersion = 16.0.31025.218
MinimumVisualStudioVersion = 10.0.40219.1
Project("{FAE04EC0-301F-11D3-BF4B-00C04F79EFBC}") = "OdataOrders", "OdataOrders.csproj", "{71C0508E-4BE4-4AF0-BBF3-DBA9BF641ED4}"
EndProject
Global
	GlobalSection(SolutionConfigurationPlatforms) = preSolution
		Debug|Any CPU = Debug|Any CPU
		Release|Any CPU = Release|Any CPU
	EndGlobalSection
	GlobalSection(ProjectConfigurationPlatforms) = postSolution
		{71C0508E-4BE4-4AF0-BBF3-DBA9BF641ED4}.Debug|Any CPU.ActiveCfg = Debug|Any CPU
		{71C0508E-4BE4-4AF0-BBF3-DBA9BF641ED4}.Debug|Any CPU.Build.0 = Debug|Any CPU
		{71C0508E-4BE4-4AF0-BBF3-DBA9BF641ED4}.Release|Any CPU.ActiveCfg = Release|Any CPU
		{71C0508E-4BE4-4AF0-BBF3-DBA9BF641ED4}.Release|Any CPU.Build.0 = Release|Any CPU
	EndGlobalSection
	GlobalSection(SolutionProperties) = preSolution
		HideSolutionNode = FALSE
	EndGlobalSection
	GlobalSection(ExtensibilityGlobals) = postSolution
		SolutionGuid = {984427D7-E4CF-497D-B3BD-6BFCBCD04282}
	EndGlobalSection
EndGlobal
