
Microsoft Visual Studio Solution File, Format Version 12.00
# Visual Studio Version 16
VisualStudioVersion = 16.0.30626.31
MinimumVisualStudioVersion = 10.0.40219.1
Project("{FAE04EC0-301F-11D3-BF4B-00C04F79EFBC}") = "EntityFrameworkIntro", "EntityFrameworkIntro.csproj", "{7DA98A3D-BE01-4AA0-8FE5-42BBC53C1682}"
EndProject
Global
	GlobalSection(SolutionConfigurationPlatforms) = preSolution
		Debug|Any CPU = Debug|Any CPU
		Release|Any CPU = Release|Any CPU
	EndGlobalSection
	GlobalSection(ProjectConfigurationPlatforms) = postSolution
		{7DA98A3D-BE01-4AA0-8FE5-42BBC53C1682}.Debug|Any CPU.ActiveCfg = Debug|Any CPU
		{7DA98A3D-BE01-4AA0-8FE5-42BBC53C1682}.Debug|Any CPU.Build.0 = Debug|Any CPU
		{7DA98A3D-BE01-4AA0-8FE5-42BBC53C1682}.Release|Any CPU.ActiveCfg = Release|Any CPU
		{7DA98A3D-BE01-4AA0-8FE5-42BBC53C1682}.Release|Any CPU.Build.0 = Release|Any CPU
	EndGlobalSection
	GlobalSection(SolutionProperties) = preSolution
		HideSolutionNode = FALSE
	EndGlobalSection
	GlobalSection(ExtensibilityGlobals) = postSolution
		SolutionGuid = {3FDDBCB6-69DB-4C49-8706-371EB13F90E8}
	EndGlobalSection
EndGlobal
