
Microsoft Visual Studio Solution File, Format Version 12.00
# Visual Studio Version 16
VisualStudioVersion = 16.0.30626.31
MinimumVisualStudioVersion = 10.0.40219.1
Project("{9A19103F-16F7-4668-BE54-9A1E7A4F7556}") = "Joins", "Joins.csproj", "{2C4C5B24-48D3-42E8-9AF3-000AFE5EBEF1}"
EndProject
Global
	GlobalSection(SolutionConfigurationPlatforms) = preSolution
		Debug|Any CPU = Debug|Any CPU
		Release|Any CPU = Release|Any CPU
	EndGlobalSection
	GlobalSection(ProjectConfigurationPlatforms) = postSolution
		{2C4C5B24-48D3-42E8-9AF3-000AFE5EBEF1}.Debug|Any CPU.ActiveCfg = Debug|Any CPU
		{2C4C5B24-48D3-42E8-9AF3-000AFE5EBEF1}.Debug|Any CPU.Build.0 = Debug|Any CPU
		{2C4C5B24-48D3-42E8-9AF3-000AFE5EBEF1}.Release|Any CPU.ActiveCfg = Release|Any CPU
		{2C4C5B24-48D3-42E8-9AF3-000AFE5EBEF1}.Release|Any CPU.Build.0 = Release|Any CPU
	EndGlobalSection
	GlobalSection(SolutionProperties) = preSolution
		HideSolutionNode = FALSE
	EndGlobalSection
	GlobalSection(ExtensibilityGlobals) = postSolution
		SolutionGuid = {08D6584F-791A-4C2B-B1EC-1D4B77B801B8}
	EndGlobalSection
EndGlobal
