
Microsoft Visual Studio Solution File, Format Version 12.00
# Visual Studio Version 16
VisualStudioVersion = 16.0.30803.129
MinimumVisualStudioVersion = 10.0.40219.1
Project("{FAE04EC0-301F-11D3-BF4B-00C04F79EFBC}") = "DependencyInjection", "DependencyInjection\DependencyInjection.csproj", "{62C7CF5C-19C8-498A-8542-60D3980B2A26}"
EndProject
Global
	GlobalSection(SolutionConfigurationPlatforms) = preSolution
		Debug|Any CPU = Debug|Any CPU
		Release|Any CPU = Release|Any CPU
	EndGlobalSection
	GlobalSection(ProjectConfigurationPlatforms) = postSolution
		{62C7CF5C-19C8-498A-8542-60D3980B2A26}.Debug|Any CPU.ActiveCfg = Debug|Any CPU
		{62C7CF5C-19C8-498A-8542-60D3980B2A26}.Debug|Any CPU.Build.0 = Debug|Any CPU
		{62C7CF5C-19C8-498A-8542-60D3980B2A26}.Release|Any CPU.ActiveCfg = Release|Any CPU
		{62C7CF5C-19C8-498A-8542-60D3980B2A26}.Release|Any CPU.Build.0 = Release|Any CPU
	EndGlobalSection
	GlobalSection(SolutionProperties) = preSolution
		HideSolutionNode = FALSE
	EndGlobalSection
	GlobalSection(ExtensibilityGlobals) = postSolution
		SolutionGuid = {A5C8AA1D-A051-40CB-BEA9-C0E6A4FEC336}
	EndGlobalSection
EndGlobal
