
Microsoft Visual Studio Solution File, Format Version 12.00
# Visual Studio 15
VisualStudioVersion = 15.0.26906.1
MinimumVisualStudioVersion = 10.0.40219.1
Project("{FAE04EC0-301F-11D3-BF4B-00C04F79EFBC}") = "LinqQuiz.Library", "LinqQuiz.Library\LinqQuiz.Library.csproj", "{09EED326-A15B-43C1-AE64-2839E9EA368E}"
EndProject
Project("{FAE04EC0-301F-11D3-BF4B-00C04F79EFBC}") = "LinqQuiz.Tests", "LinqQuiz.Tests\LinqQuiz.Tests.csproj", "{31CE82E5-4262-4130-BBC8-3FF2754F19DA}"
EndProject
Global
	GlobalSection(SolutionConfigurationPlatforms) = preSolution
		Debug|Any CPU = Debug|Any CPU
		Release|Any CPU = Release|Any CPU
	EndGlobalSection
	GlobalSection(ProjectConfigurationPlatforms) = postSolution
		{09EED326-A15B-43C1-AE64-2839E9EA368E}.Debug|Any CPU.ActiveCfg = Debug|Any CPU
		{09EED326-A15B-43C1-AE64-2839E9EA368E}.Debug|Any CPU.Build.0 = Debug|Any CPU
		{09EED326-A15B-43C1-AE64-2839E9EA368E}.Release|Any CPU.ActiveCfg = Release|Any CPU
		{09EED326-A15B-43C1-AE64-2839E9EA368E}.Release|Any CPU.Build.0 = Release|Any CPU
		{31CE82E5-4262-4130-BBC8-3FF2754F19DA}.Debug|Any CPU.ActiveCfg = Debug|Any CPU
		{31CE82E5-4262-4130-BBC8-3FF2754F19DA}.Debug|Any CPU.Build.0 = Debug|Any CPU
		{31CE82E5-4262-4130-BBC8-3FF2754F19DA}.Release|Any CPU.ActiveCfg = Release|Any CPU
		{31CE82E5-4262-4130-BBC8-3FF2754F19DA}.Release|Any CPU.Build.0 = Release|Any CPU
	EndGlobalSection
	GlobalSection(SolutionProperties) = preSolution
		HideSolutionNode = FALSE
	EndGlobalSection
	GlobalSection(ExtensibilityGlobals) = postSolution
		SolutionGuid = {8F5855E6-DFA4-43E4-98A6-DB8135702EC9}
	EndGlobalSection
EndGlobal
