
Microsoft Visual Studio Solution File, Format Version 12.00
# Visual Studio Version 16
VisualStudioVersion = 16.0.31025.218
MinimumVisualStudioVersion = 10.0.40219.1
Project("{FAE04EC0-301F-11D3-BF4B-00C04F79EFBC}") = "UserManagement", "UserManagement.csproj", "{97903169-F7A6-4474-A007-C0A19C3717CD}"
EndProject
Global
	GlobalSection(SolutionConfigurationPlatforms) = preSolution
		Debug|Any CPU = Debug|Any CPU
		Release|Any CPU = Release|Any CPU
	EndGlobalSection
	GlobalSection(ProjectConfigurationPlatforms) = postSolution
		{97903169-F7A6-4474-A007-C0A19C3717CD}.Debug|Any CPU.ActiveCfg = Debug|Any CPU
		{97903169-F7A6-4474-A007-C0A19C3717CD}.Debug|Any CPU.Build.0 = Debug|Any CPU
		{97903169-F7A6-4474-A007-C0A19C3717CD}.Release|Any CPU.ActiveCfg = Release|Any CPU
		{97903169-F7A6-4474-A007-C0A19C3717CD}.Release|Any CPU.Build.0 = Release|Any CPU
	EndGlobalSection
	GlobalSection(SolutionProperties) = preSolution
		HideSolutionNode = FALSE
	EndGlobalSection
	GlobalSection(ExtensibilityGlobals) = postSolution
		SolutionGuid = {4555EE36-3A3F-4E46-B8C7-BDA9E1200035}
	EndGlobalSection
EndGlobal
