
Microsoft Visual Studio Solution File, Format Version 12.00
# Visual Studio Version 16
VisualStudioVersion = 16.0.30803.129
MinimumVisualStudioVersion = 10.0.40219.1
Project("{FAE04EC0-301F-11D3-BF4B-00C04F79EFBC}") = "VaccinateRegistration", "VaccinateRegistration\VaccinateRegistration.csproj", "{09523B61-0F65-4645-A141-B1D991304225}"
EndProject
Global
	GlobalSection(SolutionConfigurationPlatforms) = preSolution
		Debug|Any CPU = Debug|Any CPU
		Release|Any CPU = Release|Any CPU
	EndGlobalSection
	GlobalSection(ProjectConfigurationPlatforms) = postSolution
		{09523B61-0F65-4645-A141-B1D991304225}.Debug|Any CPU.ActiveCfg = Debug|Any CPU
		{09523B61-0F65-4645-A141-B1D991304225}.Debug|Any CPU.Build.0 = Debug|Any CPU
		{09523B61-0F65-4645-A141-B1D991304225}.Release|Any CPU.ActiveCfg = Release|Any CPU
		{09523B61-0F65-4645-A141-B1D991304225}.Release|Any CPU.Build.0 = Release|Any CPU
	EndGlobalSection
	GlobalSection(SolutionProperties) = preSolution
		HideSolutionNode = FALSE
	EndGlobalSection
	GlobalSection(ExtensibilityGlobals) = postSolution
		SolutionGuid = {18491E92-B40D-4351-B0D3-8D4CC28341FE}
	EndGlobalSection
EndGlobal
