
Microsoft Visual Studio Solution File, Format Version 12.00
# Visual Studio Version 16
VisualStudioVersion = 16.0.31213.239
MinimumVisualStudioVersion = 10.0.40219.1
Project("{FAE04EC0-301F-11D3-BF4B-00C04F79EFBC}") = "DataBinding", "DataBinding.csproj", "{EB5A27EA-F94C-459B-9000-AE96B9D78D30}"
EndProject
Global
	GlobalSection(SolutionConfigurationPlatforms) = preSolution
		Debug|Any CPU = Debug|Any CPU
		Release|Any CPU = Release|Any CPU
	EndGlobalSection
	GlobalSection(ProjectConfigurationPlatforms) = postSolution
		{EB5A27EA-F94C-459B-9000-AE96B9D78D30}.Debug|Any CPU.ActiveCfg = Debug|Any CPU
		{EB5A27EA-F94C-459B-9000-AE96B9D78D30}.Debug|Any CPU.Build.0 = Debug|Any CPU
		{EB5A27EA-F94C-459B-9000-AE96B9D78D30}.Release|Any CPU.ActiveCfg = Release|Any CPU
		{EB5A27EA-F94C-459B-9000-AE96B9D78D30}.Release|Any CPU.Build.0 = Release|Any CPU
	EndGlobalSection
	GlobalSection(SolutionProperties) = preSolution
		HideSolutionNode = FALSE
	EndGlobalSection
	GlobalSection(ExtensibilityGlobals) = postSolution
		SolutionGuid = {125E05BE-F037-442C-AF80-7F4BE00F5C91}
	EndGlobalSection
EndGlobal
