
Microsoft Visual Studio Solution File, Format Version 12.00
# Visual Studio Version 16
VisualStudioVersion = 16.0.30608.117
MinimumVisualStudioVersion = 10.0.40219.1
Project("{FAE04EC0-301F-11D3-BF4B-00C04F79EFBC}") = "HelloLinq", "HelloLinq.csproj", "{8F7D97A1-C776-4F6E-B571-86740F41BC49}"
EndProject
Global
	GlobalSection(SolutionConfigurationPlatforms) = preSolution
		Debug|Any CPU = Debug|Any CPU
		Release|Any CPU = Release|Any CPU
	EndGlobalSection
	GlobalSection(ProjectConfigurationPlatforms) = postSolution
		{8F7D97A1-C776-4F6E-B571-86740F41BC49}.Debug|Any CPU.ActiveCfg = Debug|Any CPU
		{8F7D97A1-C776-4F6E-B571-86740F41BC49}.Debug|Any CPU.Build.0 = Debug|Any CPU
		{8F7D97A1-C776-4F6E-B571-86740F41BC49}.Release|Any CPU.ActiveCfg = Release|Any CPU
		{8F7D97A1-C776-4F6E-B571-86740F41BC49}.Release|Any CPU.Build.0 = Release|Any CPU
	EndGlobalSection
	GlobalSection(SolutionProperties) = preSolution
		HideSolutionNode = FALSE
	EndGlobalSection
	GlobalSection(ExtensibilityGlobals) = postSolution
		SolutionGuid = {BF053485-BD3F-4DF9-B5BE-84B403EAE6B6}
	EndGlobalSection
EndGlobal
