
Microsoft Visual Studio Solution File, Format Version 12.00
# Visual Studio Version 16
VisualStudioVersion = 16.0.30803.129
MinimumVisualStudioVersion = 10.0.40219.1
Project("{FAE04EC0-301F-11D3-BF4B-00C04F79EFBC}") = "TournamentPlanner", "TournamentPlanner\TournamentPlanner.csproj", "{E2706BF0-7A85-432C-BA76-F6D0D46A9B1A}"
EndProject
Project("{FAE04EC0-301F-11D3-BF4B-00C04F79EFBC}") = "TournamentPlannerTests", "TournamentPlannerTests\TournamentPlannerTests.csproj", "{572B32C0-307F-4EE0-BB42-B703A2A93249}"
EndProject
Global
	GlobalSection(SolutionConfigurationPlatforms) = preSolution
		Debug|Any CPU = Debug|Any CPU
		Release|Any CPU = Release|Any CPU
	EndGlobalSection
	GlobalSection(ProjectConfigurationPlatforms) = postSolution
		{E2706BF0-7A85-432C-BA76-F6D0D46A9B1A}.Debug|Any CPU.ActiveCfg = Debug|Any CPU
		{E2706BF0-7A85-432C-BA76-F6D0D46A9B1A}.Debug|Any CPU.Build.0 = Debug|Any CPU
		{E2706BF0-7A85-432C-BA76-F6D0D46A9B1A}.Release|Any CPU.ActiveCfg = Release|Any CPU
		{E2706BF0-7A85-432C-BA76-F6D0D46A9B1A}.Release|Any CPU.Build.0 = Release|Any CPU
		{572B32C0-307F-4EE0-BB42-B703A2A93249}.Debug|Any CPU.ActiveCfg = Debug|Any CPU
		{572B32C0-307F-4EE0-BB42-B703A2A93249}.Debug|Any CPU.Build.0 = Debug|Any CPU
		{572B32C0-307F-4EE0-BB42-B703A2A93249}.Release|Any CPU.ActiveCfg = Release|Any CPU
		{572B32C0-307F-4EE0-BB42-B703A2A93249}.Release|Any CPU.Build.0 = Release|Any CPU
	EndGlobalSection
	GlobalSection(SolutionProperties) = preSolution
		HideSolutionNode = FALSE
	EndGlobalSection
	GlobalSection(ExtensibilityGlobals) = postSolution
		SolutionGuid = {52E0638F-BD8D-4623-8902-2A9752D568F4}
	EndGlobalSection
EndGlobal
