
Microsoft Visual Studio Solution File, Format Version 12.00
# Visual Studio 15
VisualStudioVersion = 15.0.26923.0
MinimumVisualStudioVersion = 10.0.40219.1
Project("{9A19103F-16F7-4668-BE54-9A1E7A4F7556}") = "Maze.Library", "Maze.Library\Maze.Library.csproj", "{C7231C2F-3F17-4744-8906-25369948E16D}"
EndProject
Project("{9A19103F-16F7-4668-BE54-9A1E7A4F7556}") = "Maze.Robot", "Maze.Robot\Maze.Robot.csproj", "{20CA4848-10A1-4DD8-BAFD-13DE2FB8C0E2}"
EndProject
Project("{9A19103F-16F7-4668-BE54-9A1E7A4F7556}") = "Maze.Tests", "Maze.Tests\Maze.Tests.csproj", "{4E86F25F-E4F8-4665-BA56-F9D3B127D7A2}"
EndProject
Global
	GlobalSection(SolutionConfigurationPlatforms) = preSolution
		Debug|Any CPU = Debug|Any CPU
		Release|Any CPU = Release|Any CPU
	EndGlobalSection
	GlobalSection(ProjectConfigurationPlatforms) = postSolution
		{C7231C2F-3F17-4744-8906-25369948E16D}.Debug|Any CPU.ActiveCfg = Debug|Any CPU
		{C7231C2F-3F17-4744-8906-25369948E16D}.Debug|Any CPU.Build.0 = Debug|Any CPU
		{C7231C2F-3F17-4744-8906-25369948E16D}.Release|Any CPU.ActiveCfg = Release|Any CPU
		{C7231C2F-3F17-4744-8906-25369948E16D}.Release|Any CPU.Build.0 = Release|Any CPU
		{20CA4848-10A1-4DD8-BAFD-13DE2FB8C0E2}.Debug|Any CPU.ActiveCfg = Debug|Any CPU
		{20CA4848-10A1-4DD8-BAFD-13DE2FB8C0E2}.Debug|Any CPU.Build.0 = Debug|Any CPU
		{20CA4848-10A1-4DD8-BAFD-13DE2FB8C0E2}.Release|Any CPU.ActiveCfg = Release|Any CPU
		{20CA4848-10A1-4DD8-BAFD-13DE2FB8C0E2}.Release|Any CPU.Build.0 = Release|Any CPU
		{4E86F25F-E4F8-4665-BA56-F9D3B127D7A2}.Debug|Any CPU.ActiveCfg = Debug|Any CPU
		{4E86F25F-E4F8-4665-BA56-F9D3B127D7A2}.Debug|Any CPU.Build.0 = Debug|Any CPU
		{4E86F25F-E4F8-4665-BA56-F9D3B127D7A2}.Release|Any CPU.ActiveCfg = Release|Any CPU
		{4E86F25F-E4F8-4665-BA56-F9D3B127D7A2}.Release|Any CPU.Build.0 = Release|Any CPU
	EndGlobalSection
	GlobalSection(SolutionProperties) = preSolution
		HideSolutionNode = FALSE
	EndGlobalSection
	GlobalSection(ExtensibilityGlobals) = postSolution
		SolutionGuid = {47726AB8-A8F9-40D8-809F-D385DAA3828A}
	EndGlobalSection
EndGlobal
