
Microsoft Visual Studio Solution File, Format Version 12.00
# Visual Studio Version 16
VisualStudioVersion = 16.0.31025.218
MinimumVisualStudioVersion = 10.0.40219.1
Project("{FAE04EC0-301F-11D3-BF4B-00C04F79EFBC}") = "TokenGenerator", "TokenGenerator.csproj", "{BAA5811E-6682-4B85-A9A1-4E0D8E10EDE5}"
EndProject
Global
	GlobalSection(SolutionConfigurationPlatforms) = preSolution
		Debug|Any CPU = Debug|Any CPU
		Release|Any CPU = Release|Any CPU
	EndGlobalSection
	GlobalSection(ProjectConfigurationPlatforms) = postSolution
		{BAA5811E-6682-4B85-A9A1-4E0D8E10EDE5}.Debug|Any CPU.ActiveCfg = Debug|Any CPU
		{BAA5811E-6682-4B85-A9A1-4E0D8E10EDE5}.Debug|Any CPU.Build.0 = Debug|Any CPU
		{BAA5811E-6682-4B85-A9A1-4E0D8E10EDE5}.Release|Any CPU.ActiveCfg = Release|Any CPU
		{BAA5811E-6682-4B85-A9A1-4E0D8E10EDE5}.Release|Any CPU.Build.0 = Release|Any CPU
	EndGlobalSection
	GlobalSection(SolutionProperties) = preSolution
		HideSolutionNode = FALSE
	EndGlobalSection
	GlobalSection(ExtensibilityGlobals) = postSolution
		SolutionGuid = {C2F04C4A-0DA2-4A1A-A00C-D8C96D71442F}
	EndGlobalSection
EndGlobal
